{
  "originHash" : "c840c5cd8a6ca227eb472c9d4b26e4616fdb90628e28fff803dfb795f74f42fd",
  "pins" : [
    {
      "identity" : "travelmateui",
      "kind" : "remoteSourceControl",
      "location" : "https://github.com/agostinacorcuera/TravelMateUI.git",
      "state" : {
        "revision" : "09b06816853c2bb86bc694da2b476084a84c389d",
        "version" : "1.0.2"
      }
    }
  ],
  "version" : 3
}
